
Microsoft Visual Studio Solution File, Format Version 12.00
# Visual Studio Version 16
VisualStudioVersion = 16.0.31613.86
MinimumVisualStudioVersion = 10.0.40219.1
Project("{9A19103F-16F7-4668-BE54-9A1E7A4F7556}") = "Domain", "Domain\Domain.csproj", "{B2B02293-A761-42C6-B795-78C47987F78A}"
EndProject
Project("{9A19103F-16F7-4668-BE54-9A1E7A4F7556}") = "Application", "Application\Application.csproj", "{DA7F1A7F-A888-4A6B-AA7D-242B475629AD}"
EndProject
Project("{9A19103F-16F7-4668-BE54-9A1E7A4F7556}") = "Persistence", "Persistence\Persistence.csproj", "{9B2DAF0F-3EAA-45FD-BBCD-585BE1C364BD}"
EndProject
Project("{9A19103F-16F7-4668-BE54-9A1E7A4F7556}") = "Infrastructure", "Infrastructure\Infrastructure.csproj", "{A477ED26-FAC8-4EDC-BB35-B458999B0AA5}"
EndProject
Project("{FAE04EC0-301F-11D3-BF4B-00C04F79EFBC}") = "API", "API\API.csproj", "{6D9151B3-80BC-4C0F-BA5E-78FB43E7E566}"
EndProject
Global
	GlobalSection(SolutionConfigurationPlatforms) = preSolution
		Debug|Any CPU = Debug|Any CPU
		Release|Any CPU = Release|Any CPU
	EndGlobalSection
	GlobalSection(ProjectConfigurationPlatforms) = postSolution
		{B2B02293-A761-42C6-B795-78C47987F78A}.Debug|Any CPU.ActiveCfg = Debug|Any CPU
		{B2B02293-A761-42C6-B795-78C47987F78A}.Debug|Any CPU.Build.0 = Debug|Any CPU
		{B2B02293-A761-42C6-B795-78C47987F78A}.Release|Any CPU.ActiveCfg = Release|Any CPU
		{B2B02293-A761-42C6-B795-78C47987F78A}.Release|Any CPU.Build.0 = Release|Any CPU
		{DA7F1A7F-A888-4A6B-AA7D-242B475629AD}.Debug|Any CPU.ActiveCfg = Debug|Any CPU
		{DA7F1A7F-A888-4A6B-AA7D-242B475629AD}.Debug|Any CPU.Build.0 = Debug|Any CPU
		{DA7F1A7F-A888-4A6B-AA7D-242B475629AD}.Release|Any CPU.ActiveCfg = Release|Any CPU
		{DA7F1A7F-A888-4A6B-AA7D-242B475629AD}.Release|Any CPU.Build.0 = Release|Any CPU
		{9B2DAF0F-3EAA-45FD-BBCD-585BE1C364BD}.Debug|Any CPU.ActiveCfg = Debug|Any CPU
		{9B2DAF0F-3EAA-45FD-BBCD-585BE1C364BD}.Debug|Any CPU.Build.0 = Debug|Any CPU
		{9B2DAF0F-3EAA-45FD-BBCD-585BE1C364BD}.Release|Any CPU.ActiveCfg = Release|Any CPU
		{9B2DAF0F-3EAA-45FD-BBCD-585BE1C364BD}.Release|Any CPU.Build.0 = Release|Any CPU
		{A477ED26-FAC8-4EDC-BB35-B458999B0AA5}.Debug|Any CPU.ActiveCfg = Debug|Any CPU
		{A477ED26-FAC8-4EDC-BB35-B458999B0AA5}.Debug|Any CPU.Build.0 = Debug|Any CPU
		{A477ED26-FAC8-4EDC-BB35-B458999B0AA5}.Release|Any CPU.ActiveCfg = Release|Any CPU
		{A477ED26-FAC8-4EDC-BB35-B458999B0AA5}.Release|Any CPU.Build.0 = Release|Any CPU
		{6D9151B3-80BC-4C0F-BA5E-78FB43E7E566}.Debug|Any CPU.ActiveCfg = Debug|Any CPU
		{6D9151B3-80BC-4C0F-BA5E-78FB43E7E566}.Debug|Any CPU.Build.0 = Debug|Any CPU
		{6D9151B3-80BC-4C0F-BA5E-78FB43E7E566}.Release|Any CPU.ActiveCfg = Release|Any CPU
		{6D9151B3-80BC-4C0F-BA5E-78FB43E7E566}.Release|Any CPU.Build.0 = Release|Any CPU
	EndGlobalSection
	GlobalSection(SolutionProperties) = preSolution
		HideSolutionNode = FALSE
	EndGlobalSection
	GlobalSection(ExtensibilityGlobals) = postSolution
		SolutionGuid = {C741FF55-2D85-425E-82FA-6700044006A1}
	EndGlobalSection
EndGlobal
